
Microsoft Visual Studio Solution File, Format Version 12.00
# Visual Studio Version 17
VisualStudioVersion = 17.5.002.0
MinimumVisualStudioVersion = 10.0.40219.1
Project("{9A19103F-16F7-4668-BE54-9A1E7A4F7556}") = "pointless", "pointless.csproj", "{C51649C2-E063-4064-9515-CF5D2482C974}"
EndProject
Global
	GlobalSection(SolutionConfigurationPlatforms) = preSolution
		Debug|Any CPU = Debug|Any CPU
		Release|Any CPU = Release|Any CPU
	EndGlobalSection
	GlobalSection(ProjectConfigurationPlatforms) = postSolution
		{C51649C2-E063-4064-9515-CF5D2482C974}.Debug|Any CPU.ActiveCfg = Debug|Any CPU
		{C51649C2-E063-4064-9515-CF5D2482C974}.Debug|Any CPU.Build.0 = Debug|Any CPU
		{C51649C2-E063-4064-9515-CF5D2482C974}.Release|Any CPU.ActiveCfg = Release|Any CPU
		{C51649C2-E063-4064-9515-CF5D2482C974}.Release|Any CPU.Build.0 = Release|Any CPU
	EndGlobalSection
	GlobalSection(SolutionProperties) = preSolution
		HideSolutionNode = FALSE
	EndGlobalSection
	GlobalSection(ExtensibilityGlobals) = postSolution
		SolutionGuid = {C2751A44-0AAE-480A-8D8D-E5611796844E}
	EndGlobalSection
EndGlobal
